{
    "name": "ipfsearch-webapp",
    "version": "1.0.0",
    "lockfileVersion": 1,
    "requires": true,
    "dependencies": {
        "@types/node": {
            "version": "9.6.24",
            "resolved": "https://registry.npmjs.org/@types/node/-/node-9.6.24.tgz",
            "integrity": "sha512-o5K0mt8x735EaqS7F2x+5AG0b1Mt3V9jgV5SeW8SD6RNhE++dvwqLf2R2e4c8FmhNLaogz2oXrsiXnqnsBSSIQ==",
            "dev": true
        },
        "typescript": {
            "version": "3.0.1",
            "resolved": "https://registry.npmjs.org/typescript/-/typescript-3.0.1.tgz",
            "integrity": "sha512-zQIMOmC+372pC/CCVLqnQ0zSBiY7HHodU7mpQdjiZddek4GMj31I3dUJ7gAs9o65X7mnRma6OokOkc6f9jjfBg==",
            "dev": true
        }
    }
}
